
Microsoft Visual Studio Solution File, Format Version 12.00
# Visual Studio 15
VisualStudioVersion = 15.0.27130.2036
MinimumVisualStudioVersion = 10.0.40219.1
Project("{FAE04EC0-301F-11D3-BF4B-00C04F79EFBC}") = "BankKonto_OOP", "BankKonto_OOP.csproj", "{27800460-6557-4124-9D7C-17F72165C312}"
EndProject
Global
	GlobalSection(SolutionConfigurationPlatforms) = preSolution
		Debug|Any CPU = Debug|Any CPU
		Release|Any CPU = Release|Any CPU
	EndGlobalSection
	GlobalSection(ProjectConfigurationPlatforms) = postSolution
		{27800460-6557-4124-9D7C-17F72165C312}.Debug|Any CPU.ActiveCfg = Debug|Any CPU
		{27800460-6557-4124-9D7C-17F72165C312}.Debug|Any CPU.Build.0 = Debug|Any CPU
		{27800460-6557-4124-9D7C-17F72165C312}.Release|Any CPU.ActiveCfg = Release|Any CPU
		{27800460-6557-4124-9D7C-17F72165C312}.Release|Any CPU.Build.0 = Release|Any CPU
	EndGlobalSection
	GlobalSection(SolutionProperties) = preSolution
		HideSolutionNode = FALSE
	EndGlobalSection
	GlobalSection(ExtensibilityGlobals) = postSolution
		SolutionGuid = {E44B8E82-85C1-45E7-A776-99FF75F8994A}
	EndGlobalSection
EndGlobal
